
Microsoft Visual Studio Solution File, Format Version 12.00
# Visual Studio 15
VisualStudioVersion = 15.0.27703.2000
MinimumVisualStudioVersion = 10.0.40219.1
Project("{FAE04EC0-301F-11D3-BF4B-00C04F79EFBC}") = "Strategy", "Strategy\Strategy.csproj", "{DD6A9CAF-0E60-4D4B-949E-9D4093C13B38}"
EndProject
Global
	GlobalSection(SolutionConfigurationPlatforms) = preSolution
		Debug|Any CPU = Debug|Any CPU
		Release|Any CPU = Release|Any CPU
	EndGlobalSection
	GlobalSection(ProjectConfigurationPlatforms) = postSolution
		{DD6A9CAF-0E60-4D4B-949E-9D4093C13B38}.Debug|Any CPU.ActiveCfg = Debug|Any CPU
		{DD6A9CAF-0E60-4D4B-949E-9D4093C13B38}.Debug|Any CPU.Build.0 = Debug|Any CPU
		{DD6A9CAF-0E60-4D4B-949E-9D4093C13B38}.Release|Any CPU.ActiveCfg = Release|Any CPU
		{DD6A9CAF-0E60-4D4B-949E-9D4093C13B38}.Release|Any CPU.Build.0 = Release|Any CPU
	EndGlobalSection
	GlobalSection(SolutionProperties) = preSolution
		HideSolutionNode = FALSE
	EndGlobalSection
	GlobalSection(ExtensibilityGlobals) = postSolution
		SolutionGuid = {35314294-25DA-4943-B96C-16E920FAD2BA}
	EndGlobalSection
EndGlobal
