
Microsoft Visual Studio Solution File, Format Version 12.00
# Visual Studio 15
VisualStudioVersion = 15.0.27703.2000
MinimumVisualStudioVersion = 10.0.40219.1
Project("{FAE04EC0-301F-11D3-BF4B-00C04F79EFBC}") = "Memento", "Memento\Memento.csproj", "{12AD3D20-C0FF-4AAD-9044-3E0FC8306D93}"
EndProject
Global
	GlobalSection(SolutionConfigurationPlatforms) = preSolution
		Debug|Any CPU = Debug|Any CPU
		Release|Any CPU = Release|Any CPU
	EndGlobalSection
	GlobalSection(ProjectConfigurationPlatforms) = postSolution
		{12AD3D20-C0FF-4AAD-9044-3E0FC8306D93}.Debug|Any CPU.ActiveCfg = Debug|Any CPU
		{12AD3D20-C0FF-4AAD-9044-3E0FC8306D93}.Debug|Any CPU.Build.0 = Debug|Any CPU
		{12AD3D20-C0FF-4AAD-9044-3E0FC8306D93}.Release|Any CPU.ActiveCfg = Release|Any CPU
		{12AD3D20-C0FF-4AAD-9044-3E0FC8306D93}.Release|Any CPU.Build.0 = Release|Any CPU
	EndGlobalSection
	GlobalSection(SolutionProperties) = preSolution
		HideSolutionNode = FALSE
	EndGlobalSection
	GlobalSection(ExtensibilityGlobals) = postSolution
		SolutionGuid = {50C887EE-1D4A-49A7-A87E-0EF525F4DF1D}
	EndGlobalSection
EndGlobal
